// !$*UTF8*$!
{
	archiveVersion = 1;
	classes = {
	};
	objectVersion = 56;
	objects = {

/* Begin PBXBuildFile section */
		FA57B0B62B80F70F005F13F6 /* AppDelegate.swift in Sources */ = {isa = PBXBuildFile; fileRef = FA57B0B52B80F70F005F13F6 /* AppDelegate.swift */; };
		FA57B0B82B80F70F005F13F6 /* SceneDelegate.swift in Sources */ = {isa = PBXBuildFile; fileRef = FA57B0B72B80F70F005F13F6 /* SceneDelegate.swift */; };
		FA57B0BA2B80F70F005F13F6 /* LoginViewController.swift in Sources */ = {isa = PBXBuildFile; fileRef = FA57B0B92B80F70F005F13F6 /* LoginViewController.swift */; };
		FA57B0BD2B80F70F005F13F6 /* Main.storyboard in Resources */ = {isa = PBXBuildFile; fileRef = FA57B0BB2B80F70F005F13F6 /* Main.storyboard */; };
		FA57B0BF2B80F711005F13F6 /* Assets.xcassets in Resources */ = {isa = PBXBuildFile; fileRef = FA57B0BE2B80F711005F13F6 /* Assets.xcassets */; };
		FA57B0C22B80F711005F13F6 /* LaunchScreen.storyboard in Resources */ = {isa = PBXBuildFile; fileRef = FA57B0C02B80F711005F13F6 /* LaunchScreen.storyboard */; };
		FAD320692B84AF6500FC0FFC /* User.swift in Sources */ = {isa = PBXBuildFile; fileRef = FAD320682B84AF6500FC0FFC /* User.swift */; };
		FAD3206B2B84DDB800FC0FFC /* TabBarController.swift in Sources */ = {isa = PBXBuildFile; fileRef = FAD3206A2B84DDB800FC0FFC /* TabBarController.swift */; };
		FAD3206E2B84E4B800FC0FFC /* UserInfoViewController.swift in Sources */ = {isa = PBXBuildFile; fileRef = FAD3206D2B84E4B800FC0FFC /* UserInfoViewController.swift */; };
		FAD320702B84EA2C00FC0FFC /* UserBioViewController.swift in Sources */ = {isa = PBXBuildFile; fileRef = FAD3206F2B84EA2C00FC0FFC /* UserBioViewController.swift */; };
		FAFE4EB32B811252006CF99D /* WelcomeViewController.swift in Sources */ = {isa = PBXBuildFile; fileRef = FAFE4EB22B811252006CF99D /* WelcomeViewController.swift */; };
/* End PBXBuildFile section */

/* Begin PBXFileReference section */
		FA57B0B22B80F70F005F13F6 /* LoginScreen.app */ = {isa = PBXFileReference; explicitFileType = wrapper.application; includeInIndex = 0; path = LoginScreen.app; sourceTree = BUILT_PRODUCTS_DIR; };
		FA57B0B52B80F70F005F13F6 /* AppDelegate.swift */ = {isa = PBXFileReference; lastKnownFileType = sourcecode.swift; path = AppDelegate.swift; sourceTree = "<group>"; };
		FA57B0B72B80F70F005F13F6 /* SceneDelegate.swift */ = {isa = PBXFileReference; lastKnownFileType = sourcecode.swift; path = SceneDelegate.swift; sourceTree = "<group>"; };
		FA57B0B92B80F70F005F13F6 /* LoginViewController.swift */ = {isa = PBXFileReference; lastKnownFileType = sourcecode.swift; path = LoginViewController.swift; sourceTree = "<group>"; };
		FA57B0BC2B80F70F005F13F6 /* Base */ = {isa = PBXFileReference; lastKnownFileType = file.storyboard; name = Base; path = Base.lproj/Main.storyboard; sourceTree = "<group>"; };
		FA57B0BE2B80F711005F13F6 /* Assets.xcassets */ = {isa = PBXFileReference; lastKnownFileType = folder.assetcatalog; path = Assets.xcassets; sourceTree = "<group>"; };
		FA57B0C12B80F711005F13F6 /* Base */ = {isa = PBXFileReference; lastKnownFileType = file.storyboard; name = Base; path = Base.lproj/LaunchScreen.storyboard; sourceTree = "<group>"; };
		FA57B0C32B80F711005F13F6 /* Info.plist */ = {isa = PBXFileReference; lastKnownFileType = text.plist.xml; path = Info.plist; sourceTree = "<group>"; };
		FAD320682B84AF6500FC0FFC /* User.swift */ = {isa = PBXFileReference; lastKnownFileType = sourcecode.swift; path = User.swift; sourceTree = "<group>"; };
		FAD3206A2B84DDB800FC0FFC /* TabBarController.swift */ = {isa = PBXFileReference; lastKnownFileType = sourcecode.swift; path = TabBarController.swift; sourceTree = "<group>"; };
		FAD3206D2B84E4B800FC0FFC /* UserInfoViewController.swift */ = {isa = PBXFileReference; lastKnownFileType = sourcecode.swift; path = UserInfoViewController.swift; sourceTree = "<group>"; };
		FAD3206F2B84EA2C00FC0FFC /* UserBioViewController.swift */ = {isa = PBXFileReference; lastKnownFileType = sourcecode.swift; path = UserBioViewController.swift; sourceTree = "<group>"; };
		FAFE4EB22B811252006CF99D /* WelcomeViewController.swift */ = {isa = PBXFileReference; lastKnownFileType = sourcecode.swift; path = WelcomeViewController.swift; sourceTree = "<group>"; };
/* End PBXFileReference section */

/* Begin PBXFrameworksBuildPhase section */
		FA57B0AF2B80F70F005F13F6 /* Frameworks */ = {
			isa = PBXFrameworksBuildPhase;
			buildActionMask = 2147483647;
			files = (
			);
			runOnlyForDeploymentPostprocessing = 0;
		};
/* End PBXFrameworksBuildPhase section */

/* Begin PBXGroup section */
		FA57B0A92B80F70F005F13F6 = {
			isa = PBXGroup;
			children = (
				FAD3206C2B84E47000FC0FFC /* Model */,
				FA57B0B42B80F70F005F13F6 /* LoginScreen */,
				FA57B0B32B80F70F005F13F6 /* Products */,
			);
			sourceTree = "<group>";
		};
		FA57B0B32B80F70F005F13F6 /* Products */ = {
			isa = PBXGroup;
			children = (
				FA57B0B22B80F70F005F13F6 /* LoginScreen.app */,
			);
			name = Products;
			sourceTree = "<group>";
		};
		FA57B0B42B80F70F005F13F6 /* LoginScreen */ = {
			isa = PBXGroup;
			children = (
				FA57B0BE2B80F711005F13F6 /* Assets.xcassets */,
				FAD320662B84AC9300FC0FFC /* ViewControllers */,
				FAD320672B84ACA800FC0FFC /* Storyboards */,
				FAD320652B84ABED00FC0FFC /* App */,
			);
			path = LoginScreen;
			sourceTree = "<group>";
		};
		FAD320652B84ABED00FC0FFC /* App */ = {
			isa = PBXGroup;
			children = (
				FA57B0B52B80F70F005F13F6 /* AppDelegate.swift */,
				FA57B0B72B80F70F005F13F6 /* SceneDelegate.swift */,
				FA57B0C32B80F711005F13F6 /* Info.plist */,
			);
			path = App;
			sourceTree = "<group>";
		};
		FAD320662B84AC9300FC0FFC /* ViewControllers */ = {
			isa = PBXGroup;
			children = (
				FA57B0B92B80F70F005F13F6 /* LoginViewController.swift */,
				FAD3206A2B84DDB800FC0FFC /* TabBarController.swift */,
				FAFE4EB22B811252006CF99D /* WelcomeViewController.swift */,
				FAD3206D2B84E4B800FC0FFC /* UserInfoViewController.swift */,
				FAD3206F2B84EA2C00FC0FFC /* UserBioViewController.swift */,
			);
			path = ViewControllers;
			sourceTree = "<group>";
		};
		FAD320672B84ACA800FC0FFC /* Storyboards */ = {
			isa = PBXGroup;
			children = (
				FA57B0BB2B80F70F005F13F6 /* Main.storyboard */,
				FA57B0C02B80F711005F13F6 /* LaunchScreen.storyboard */,
			);
			path = Storyboards;
			sourceTree = "<group>";
		};
		FAD3206C2B84E47000FC0FFC /* Model */ = {
			isa = PBXGroup;
			children = (
				FAD320682B84AF6500FC0FFC /* User.swift */,
			);
			path = Model;
			sourceTree = "<group>";
		};
/* End PBXGroup section */

/* Begin PBXNativeTarget section */
		FA57B0B12B80F70F005F13F6 /* LoginScreen */ = {
			isa = PBXNativeTarget;
			buildConfigurationList = FA57B0C62B80F711005F13F6 /* Build configuration list for PBXNativeTarget "LoginScreen" */;
			buildPhases = (
				FA57B0AE2B80F70F005F13F6 /* Sources */,
				FA57B0AF2B80F70F005F13F6 /* Frameworks */,
				FA57B0B02B80F70F005F13F6 /* Resources */,
			);
			buildRules = (
			);
			dependencies = (
			);
			name = LoginScreen;
			productName = LoginScreen;
			productReference = FA57B0B22B80F70F005F13F6 /* LoginScreen.app */;
			productType = "com.apple.product-type.application";
		};
/* End PBXNativeTarget section */

/* Begin PBXProject section */
		FA57B0AA2B80F70F005F13F6 /* Project object */ = {
			isa = PBXProject;
			attributes = {
				BuildIndependentTargetsInParallel = 1;
				LastSwiftUpdateCheck = 1520;
				LastUpgradeCheck = 1520;
				TargetAttributes = {
					FA57B0B12B80F70F005F13F6 = {
						CreatedOnToolsVersion = 15.2;
					};
				};
			};
			buildConfigurationList = FA57B0AD2B80F70F005F13F6 /* Build configuration list for PBXProject "LoginScreen" */;
			compatibilityVersion = "Xcode 14.0";
			developmentRegion = en;
			hasScannedForEncodings = 0;
			knownRegions = (
				en,
				Base,
			);
			mainGroup = FA57B0A92B80F70F005F13F6;
			productRefGroup = FA57B0B32B80F70F005F13F6 /* Products */;
			projectDirPath = "";
			projectRoot = "";
			targets = (
				FA57B0B12B80F70F005F13F6 /* LoginScreen */,
			);
		};
/* End PBXProject section */

/* Begin PBXResourcesBuildPhase section */
		FA57B0B02B80F70F005F13F6 /* Resources */ = {
			isa = PBXResourcesBuildPhase;
			buildActionMask = 2147483647;
			files = (
				FA57B0C22B80F711005F13F6 /* LaunchScreen.storyboard in Resources */,
				FA57B0BF2B80F711005F13F6 /* Assets.xcassets in Resources */,
				FA57B0BD2B80F70F005F13F6 /* Main.storyboard in Resources */,
			);
			runOnlyForDeploymentPostprocessing = 0;
		};
/* End PBXResourcesBuildPhase section */

/* Begin PBXSourcesBuildPhase section */
		FA57B0AE2B80F70F005F13F6 /* Sources */ = {
			isa = PBXSourcesBuildPhase;
			buildActionMask = 2147483647;
			files = (
				FA57B0BA2B80F70F005F13F6 /* LoginViewController.swift in Sources */,
				FAD3206E2B84E4B800FC0FFC /* UserInfoViewController.swift in Sources */,
				FAFE4EB32B811252006CF99D /* WelcomeViewController.swift in Sources */,
				FA57B0B62B80F70F005F13F6 /* AppDelegate.swift in Sources */,
				FAD3206B2B84DDB800FC0FFC /* TabBarController.swift in Sources */,
				FAD320692B84AF6500FC0FFC /* User.swift in Sources */,
				FAD320702B84EA2C00FC0FFC /* UserBioViewController.swift in Sources */,
				FA57B0B82B80F70F005F13F6 /* SceneDelegate.swift in Sources */,
			);
			runOnlyForDeploymentPostprocessing = 0;
		};
/* End PBXSourcesBuildPhase section */

/* Begin PBXVariantGroup section */
		FA57B0BB2B80F70F005F13F6 /* Main.storyboard */ = {
			isa = PBXVariantGroup;
			children = (
				FA57B0BC2B80F70F005F13F6 /* Base */,
			);
			name = Main.storyboard;
			sourceTree = "<group>";
		};
		FA57B0C02B80F711005F13F6 /* LaunchScreen.storyboard */ = {
			isa = PBXVariantGroup;
			children = (
				FA57B0C12B80F711005F13F6 /* Base */,
			);
			name = LaunchScreen.storyboard;
			sourceTree = "<group>";
		};
/* End PBXVariantGroup section */

/* Begin XCBuildConfiguration section */
		FA57B0C42B80F711005F13F6 /* Debug */ = {
			isa = XCBuildConfiguration;
			buildSettings = {
				ALWAYS_SEARCH_USER_PATHS = NO;
				ASSETCATALOG_COMPILER_GENERATE_SWIFT_ASSET_SYMBOL_EXTENSIONS = YES;
				CLANG_ANALYZER_NONNULL = YES;
				CLANG_ANALYZER_NUMBER_OBJECT_CONVERSION = YES_AGGRESSIVE;
				CLANG_CXX_LANGUAGE_STANDARD = "gnu++20";
				CLANG_ENABLE_MODULES = YES;
				CLANG_ENABLE_OBJC_ARC = YES;
				CLANG_ENABLE_OBJC_WEAK = YES;
				CLANG_WARN_BLOCK_CAPTURE_AUTORELEASING = YES;
				CLANG_WARN_BOOL_CONVERSION = YES;
				CLANG_WARN_COMMA = YES;
				CLANG_WARN_CONSTANT_CONVERSION = YES;
				CLANG_WARN_DEPRECATED_OBJC_IMPLEMENTATIONS = YES;
				CLANG_WARN_DIRECT_OBJC_ISA_USAGE = YES_ERROR;
				CLANG_WARN_DOCUMENTATION_COMMENTS = YES;
				CLANG_WARN_EMPTY_BODY = YES;
				CLANG_WARN_ENUM_CONVERSION = YES;
				CLANG_WARN_INFINITE_RECURSION = YES;
				CLANG_WARN_INT_CONVERSION = YES;
				CLANG_WARN_NON_LITERAL_NULL_CONVERSION = YES;
				CLANG_WARN_OBJC_IMPLICIT_RETAIN_SELF = YES;
				CLANG_WARN_OBJC_LITERAL_CONVERSION = YES;
				CLANG_WARN_OBJC_ROOT_CLASS = YES_ERROR;
				CLANG_WARN_QUOTED_INCLUDE_IN_FRAMEWORK_HEADER = YES;
				CLANG_WARN_RANGE_LOOP_ANALYSIS = YES;
				CLANG_WARN_STRICT_PROTOTYPES = YES;
				CLANG_WARN_SUSPICIOUS_MOVE = YES;
				CLANG_WARN_UNGUARDED_AVAILABILITY = YES_AGGRESSIVE;
				CLANG_WARN_UNREACHABLE_CODE = YES;
				CLANG_WARN__DUPLICATE_METHOD_MATCH = YES;
				COPY_PHASE_STRIP = NO;
				DEBUG_INFORMATION_FORMAT = dwarf;
				ENABLE_STRICT_OBJC_MSGSEND = YES;
				ENABLE_TESTABILITY = YES;
				ENABLE_USER_SCRIPT_SANDBOXING = YES;
				GCC_C_LANGUAGE_STANDARD = gnu17;
				GCC_DYNAMIC_NO_PIC = NO;
				GCC_NO_COMMON_BLOCKS = YES;
				GCC_OPTIMIZATION_LEVEL = 0;
				GCC_PREPROCESSOR_DEFINITIONS = (
					"DEBUG=1",
					"$(inherited)",
				);
				GCC_WARN_64_TO_32_BIT_CONVERSION = YES;
				GCC_WARN_ABOUT_RETURN_TYPE = YES_ERROR;
				GCC_WARN_UNDECLARED_SELECTOR = YES;
				GCC_WARN_UNINITIALIZED_AUTOS = YES_AGGRESSIVE;
				GCC_WARN_UNUSED_FUNCTION = YES;
				GCC_WARN_UNUSED_VARIABLE = YES;
				IPHONEOS_DEPLOYMENT_TARGET = 17.2;
				LOCALIZATION_PREFERS_STRING_CATALOGS = YES;
				MTL_ENABLE_DEBUG_INFO = INCLUDE_SOURCE;
				MTL_FAST_MATH = YES;
				ONLY_ACTIVE_ARCH = YES;
				SDKROOT = iphoneos;
				SWIFT_ACTIVE_COMPILATION_CONDITIONS = "DEBUG $(inherited)";
				SWIFT_OPTIMIZATION_LEVEL = "-Onone";
			};
			name = Debug;
		};
		FA57B0C52B80F711005F13F6 /* Release */ = {
			isa = XCBuildConfiguration;
			buildSettings = {
				ALWAYS_SEARCH_USER_PATHS = NO;
				ASSETCATALOG_COMPILER_GENERATE_SWIFT_ASSET_SYMBOL_EXTENSIONS = YES;
				CLANG_ANALYZER_NONNULL = YES;
				CLANG_ANALYZER_NUMBER_OBJECT_CONVERSION = YES_AGGRESSIVE;
				CLANG_CXX_LANGUAGE_STANDARD = "gnu++20";
				CLANG_ENABLE_MODULES = YES;
				CLANG_ENABLE_OBJC_ARC = YES;
				CLANG_ENABLE_OBJC_WEAK = YES;
				CLANG_WARN_BLOCK_CAPTURE_AUTORELEASING = YES;
				CLANG_WARN_BOOL_CONVERSION = YES;
				CLANG_WARN_COMMA = YES;
				CLANG_WARN_CONSTANT_CONVERSION = YES;
				CLANG_WARN_DEPRECATED_OBJC_IMPLEMENTATIONS = YES;
				CLANG_WARN_DIRECT_OBJC_ISA_USAGE = YES_ERROR;
				CLANG_WARN_DOCUMENTATION_COMMENTS = YES;
				CLANG_WARN_EMPTY_BODY = YES;
				CLANG_WARN_ENUM_CONVERSION = YES;
				CLANG_WARN_INFINITE_RECURSION = YES;
				CLANG_WARN_INT_CONVERSION = YES;
				CLANG_WARN_NON_LITERAL_NULL_CONVERSION = YES;
				CLANG_WARN_OBJC_IMPLICIT_RETAIN_SELF = YES;
				CLANG_WARN_OBJC_LITERAL_CONVERSION = YES;
				CLANG_WARN_OBJC_ROOT_CLASS = YES_ERROR;
				CLANG_WARN_QUOTED_INCLUDE_IN_FRAMEWORK_HEADER = YES;
				CLANG_WARN_RANGE_LOOP_ANALYSIS = YES;
				CLANG_WARN_STRICT_PROTOTYPES = YES;
				CLANG_WARN_SUSPICIOUS_MOVE = YES;
				CLANG_WARN_UNGUARDED_AVAILABILITY = YES_AGGRESSIVE;
				CLANG_WARN_UNREACHABLE_CODE = YES;
				CLANG_WARN__DUPLICATE_METHOD_MATCH = YES;
				COPY_PHASE_STRIP = NO;
				DEBUG_INFORMATION_FORMAT = "dwarf-with-dsym";
				ENABLE_NS_ASSERTIONS = NO;
				ENABLE_STRICT_OBJC_MSGSEND = YES;
				ENABLE_USER_SCRIPT_SANDBOXING = YES;
				GCC_C_LANGUAGE_STANDARD = gnu17;
				GCC_NO_COMMON_BLOCKS = YES;
				GCC_WARN_64_TO_32_BIT_CONVERSION = YES;
				GCC_WARN_ABOUT_RETURN_TYPE = YES_ERROR;
				GCC_WARN_UNDECLARED_SELECTOR = YES;
				GCC_WARN_UNINITIALIZED_AUTOS = YES_AGGRESSIVE;
				GCC_WARN_UNUSED_FUNCTION = YES;
				GCC_WARN_UNUSED_VARIABLE = YES;
				IPHONEOS_DEPLOYMENT_TARGET = 17.2;
				LOCALIZATION_PREFERS_STRING_CATALOGS = YES;
				MTL_ENABLE_DEBUG_INFO = NO;
				MTL_FAST_MATH = YES;
				SDKROOT = iphoneos;
				SWIFT_COMPILATION_MODE = wholemodule;
				VALIDATE_PRODUCT = YES;
			};
			name = Release;
		};
		FA57B0C72B80F711005F13F6 /* Debug */ = {
			isa = XCBuildConfiguration;
			buildSettings = {
				ASSETCATALOG_COMPILER_APPICON_NAME = AppIcon;
				ASSETCATALOG_COMPILER_GLOBAL_ACCENT_COLOR_NAME = AccentColor;
				CODE_SIGN_STYLE = Automatic;
				CURRENT_PROJECT_VERSION = 1;
				GENERATE_INFOPLIST_FILE = YES;
				INFOPLIST_FILE = LoginScreen/App/Info.plist;
				INFOPLIST_KEY_UIApplicationSupportsIndirectInputEvents = YES;
				INFOPLIST_KEY_UILaunchStoryboardName = LaunchScreen;
				INFOPLIST_KEY_UIMainStoryboardFile = Main;
				INFOPLIST_KEY_UISupportedInterfaceOrientations_iPad = "UIInterfaceOrientationPortrait UIInterfaceOrientationPortraitUpsideDown UIInterfaceOrientationLandscapeLeft UIInterfaceOrientationLandscapeRight";
				INFOPLIST_KEY_UISupportedInterfaceOrientations_iPhone = "UIInterfaceOrientationPortrait UIInterfaceOrientationLandscapeLeft UIInterfaceOrientationLandscapeRight";
				LD_RUNPATH_SEARCH_PATHS = (
					"$(inherited)",
					"@executable_path/Frameworks",
				);
				MARKETING_VERSION = 1.0;
				PRODUCT_BUNDLE_IDENTIFIER = VladPost.LoginScreen;
				PRODUCT_NAME = "$(TARGET_NAME)";
				SUPPORTED_PLATFORMS = "iphoneos iphonesimulator";
				SUPPORTS_MACCATALYST = NO;
				SUPPORTS_MAC_DESIGNED_FOR_IPHONE_IPAD = NO;
				SUPPORTS_XR_DESIGNED_FOR_IPHONE_IPAD = NO;
				SWIFT_EMIT_LOC_STRINGS = YES;
				SWIFT_VERSION = 5.0;
				TARGETED_DEVICE_FAMILY = 1;
			};
			name = Debug;
		};
		FA57B0C82B80F711005F13F6 /* Release */ = {
			isa = XCBuildConfiguration;
			buildSettings = {
				ASSETCATALOG_COMPILER_APPICON_NAME = AppIcon;
				ASSETCATALOG_COMPILER_GLOBAL_ACCENT_COLOR_NAME = AccentColor;
				CODE_SIGN_STYLE = Automatic;
				CURRENT_PROJECT_VERSION = 1;
				GENERATE_INFOPLIST_FILE = YES;
				INFOPLIST_FILE = LoginScreen/App/Info.plist;
				INFOPLIST_KEY_UIApplicationSupportsIndirectInputEvents = YES;
				INFOPLIST_KEY_UILaunchStoryboardName = LaunchScreen;
				INFOPLIST_KEY_UIMainStoryboardFile = Main;
				INFOPLIST_KEY_UISupportedInterfaceOrientations_iPad = "UIInterfaceOrientationPortrait UIInterfaceOrientationPortraitUpsideDown UIInterfaceOrientationLandscapeLeft UIInterfaceOrientationLandscapeRight";
				INFOPLIST_KEY_UISupportedInterfaceOrientations_iPhone = "UIInterfaceOrientationPortrait UIInterfaceOrientationLandscapeLeft UIInterfaceOrientationLandscapeRight";
				LD_RUNPATH_SEARCH_PATHS = (
					"$(inherited)",
					"@executable_path/Frameworks",
				);
				MARKETING_VERSION = 1.0;
				PRODUCT_BUNDLE_IDENTIFIER = VladPost.LoginScreen;
				PRODUCT_NAME = "$(TARGET_NAME)";
				SUPPORTED_PLATFORMS = "iphoneos iphonesimulator";
				SUPPORTS_MACCATALYST = NO;
				SUPPORTS_MAC_DESIGNED_FOR_IPHONE_IPAD = NO;
				SUPPORTS_XR_DESIGNED_FOR_IPHONE_IPAD = NO;
				SWIFT_EMIT_LOC_STRINGS = YES;
				SWIFT_VERSION = 5.0;
				TARGETED_DEVICE_FAMILY = 1;
			};
			name = Release;
		};
/* End XCBuildConfiguration section */

/* Begin XCConfigurationList section */
		FA57B0AD2B80F70F005F13F6 /* Build configuration list for PBXProject "LoginScreen" */ = {
			isa = XCConfigurationList;
			buildConfigurations = (
				FA57B0C42B80F711005F13F6 /* Debug */,
				FA57B0C52B80F711005F13F6 /* Release */,
			);
			defaultConfigurationIsVisible = 0;
			defaultConfigurationName = Release;
		};
		FA57B0C62B80F711005F13F6 /* Build configuration list for PBXNativeTarget "LoginScreen" */ = {
			isa = XCConfigurationList;
			buildConfigurations = (
				FA57B0C72B80F711005F13F6 /* Debug */,
				FA57B0C82B80F711005F13F6 /* Release */,
			);
			defaultConfigurationIsVisible = 0;
			defaultConfigurationName = Release;
		};
/* End XCConfigurationList section */
	};
	rootObject = FA57B0AA2B80F70F005F13F6 /* Project object */;
}
